// !$*UTF8*$!
{
	archiveVersion = 1;
	classes = {
	};
	objectVersion = 46;
	objects = {

/* Begin PBXBuildFile section */
		4F7608B11ADB2BAF00F7BB42 /* Scaled.cpp in Sources */ = {isa = PBXBuildFile; fileRef = 4F7608AF1ADB2BAF00F7BB42 /* Scaled.cpp */; };
		4F7608B21ADB363D00F7BB42 /* Scaled.cpp in Sources */ = {isa = PBXBuildFile; fileRef = 4F7608AF1ADB2BAF00F7BB42 /* Scaled.cpp */; };
		4F7608B51ADB3A0700F7BB42 /* Layered.cpp in Sources */ = {isa = PBXBuildFile; fileRef = 4F7608B31ADB3A0700F7BB42 /* Layered.cpp */; };
		4F7608B61ADB3A0700F7BB42 /* Layered.cpp in Sources */ = {isa = PBXBuildFile; fileRef = 4F7608B31ADB3A0700F7BB42 /* Layered.cpp */; };
		4F7608B91ADB455E00F7BB42 /* Vertical.cpp in Sources */ = {isa = PBXBuildFile; fileRef = 4F7608B71ADB455E00F7BB42 /* Vertical.cpp */; };
		4F7608BA1ADB455E00F7BB42 /* Vertical.cpp in Sources */ = {isa = PBXBuildFile; fileRef = 4F7608B71ADB455E00F7BB42 /* Vertical.cpp */; };
		4F9629701ADB53C500912A4F /* Horizontal.cpp in Sources */ = {isa = PBXBuildFile; fileRef = 4F96296E1ADB53C500912A4F /* Horizontal.cpp */; };
		4F9629711ADB53CB00912A4F /* Horizontal.cpp in Sources */ = {isa = PBXBuildFile; fileRef = 4F96296E1ADB53C500912A4F /* Horizontal.cpp */; };
		4FDF30BE1ADC734C0094E1AA /* CustomShape.cpp in Sources */ = {isa = PBXBuildFile; fileRef = 4FDF30BC1ADC734C0094E1AA /* CustomShape.cpp */; };
		4FDF30BF1ADC734C0094E1AA /* CustomShape.cpp in Sources */ = {isa = PBXBuildFile; fileRef = 4FDF30BC1ADC734C0094E1AA /* CustomShape.cpp */; };
		A38D1A421AD3365200EA73C5 /* main.cpp in Sources */ = {isa = PBXBuildFile; fileRef = A38D1A411AD3365200EA73C5 /* main.cpp */; };
		A38D1A4F1AD3376D00EA73C5 /* main.cpp in Sources */ = {isa = PBXBuildFile; fileRef = A38D1A4E1AD3376D00EA73C5 /* main.cpp */; };
		A38D1A651AD7751F00EA73C5 /* Page.cpp in Sources */ = {isa = PBXBuildFile; fileRef = A38D1A631AD7751F00EA73C5 /* Page.cpp */; };
		A38D1A681AD7758300EA73C5 /* Postscript.cpp in Sources */ = {isa = PBXBuildFile; fileRef = A38D1A661AD7758300EA73C5 /* Postscript.cpp */; };
		A38D1A691AD775D800EA73C5 /* Postscript.cpp in Sources */ = {isa = PBXBuildFile; fileRef = A38D1A661AD7758300EA73C5 /* Postscript.cpp */; };
		A38D1A6A1AD7781700EA73C5 /* Page.cpp in Sources */ = {isa = PBXBuildFile; fileRef = A38D1A631AD7751F00EA73C5 /* Page.cpp */; };
		A38D1A6D1AD7786800EA73C5 /* Path.cpp in Sources */ = {isa = PBXBuildFile; fileRef = A38D1A6B1AD7786800EA73C5 /* Path.cpp */; };
		A38D1A6E1AD7786800EA73C5 /* Path.cpp in Sources */ = {isa = PBXBuildFile; fileRef = A38D1A6B1AD7786800EA73C5 /* Path.cpp */; };
		A38D1A751AD87AEA00EA73C5 /* NullPostscript.cpp in Sources */ = {isa = PBXBuildFile; fileRef = A38D1A731AD87AE900EA73C5 /* NullPostscript.cpp */; };
		A38D1A761AD87AEA00EA73C5 /* NullPostscript.cpp in Sources */ = {isa = PBXBuildFile; fileRef = A38D1A731AD87AE900EA73C5 /* NullPostscript.cpp */; };
		A38D1A791ADB184400EA73C5 /* Square.cpp in Sources */ = {isa = PBXBuildFile; fileRef = A38D1A771ADB184400EA73C5 /* Square.cpp */; };
		A38D1A7A1ADB184400EA73C5 /* Square.cpp in Sources */ = {isa = PBXBuildFile; fileRef = A38D1A771ADB184400EA73C5 /* Square.cpp */; };
		A38D1A7D1ADB18E100EA73C5 /* Triangle.cpp in Sources */ = {isa = PBXBuildFile; fileRef = A38D1A7B1ADB18E100EA73C5 /* Triangle.cpp */; };
		A38D1A7E1ADB18E100EA73C5 /* Triangle.cpp in Sources */ = {isa = PBXBuildFile; fileRef = A38D1A7B1ADB18E100EA73C5 /* Triangle.cpp */; };
		A38D1A811ADB1A1F00EA73C5 /* Rectangle.cpp in Sources */ = {isa = PBXBuildFile; fileRef = A38D1A7F1ADB1A1F00EA73C5 /* Rectangle.cpp */; };
		A38D1A821ADB1A1F00EA73C5 /* Rectangle.cpp in Sources */ = {isa = PBXBuildFile; fileRef = A38D1A7F1ADB1A1F00EA73C5 /* Rectangle.cpp */; };
		A38D1A891ADB270200EA73C5 /* Rotate.cpp in Sources */ = {isa = PBXBuildFile; fileRef = A38D1A871ADB270200EA73C5 /* Rotate.cpp */; };
		A38D1A8A1ADB270200EA73C5 /* Rotate.cpp in Sources */ = {isa = PBXBuildFile; fileRef = A38D1A871ADB270200EA73C5 /* Rotate.cpp */; };
		A3C3A6B71ADF0C3200AE65C6 /* Circle.cpp in Sources */ = {isa = PBXBuildFile; fileRef = A3C3A6B11ADF0C3200AE65C6 /* Circle.cpp */; };
		A3C3A6B81ADF0C3200AE65C6 /* Polygons.cpp in Sources */ = {isa = PBXBuildFile; fileRef = A3C3A6B31ADF0C3200AE65C6 /* Polygons.cpp */; };
		A3C3A6B91ADF0C3200AE65C6 /* Shape.cpp in Sources */ = {isa = PBXBuildFile; fileRef = A3C3A6B51ADF0C3200AE65C6 /* Shape.cpp */; };
		A3C3A6BA1ADF0C5800AE65C6 /* Circle.cpp in Sources */ = {isa = PBXBuildFile; fileRef = A3C3A6B11ADF0C3200AE65C6 /* Circle.cpp */; };
		A3C3A6BB1ADF0C5B00AE65C6 /* Polygons.cpp in Sources */ = {isa = PBXBuildFile; fileRef = A3C3A6B31ADF0C3200AE65C6 /* Polygons.cpp */; };
		A3C3A6BC1ADF0C5F00AE65C6 /* Shape.cpp in Sources */ = {isa = PBXBuildFile; fileRef = A3C3A6B51ADF0C3200AE65C6 /* Shape.cpp */; };
		A3C3A6BF1AE0A75600AE65C6 /* DrawShape.cpp in Sources */ = {isa = PBXBuildFile; fileRef = A3C3A6BD1AE0A75600AE65C6 /* DrawShape.cpp */; };
		A3C3A6C01AE0A75600AE65C6 /* DrawShape.cpp in Sources */ = {isa = PBXBuildFile; fileRef = A3C3A6BD1AE0A75600AE65C6 /* DrawShape.cpp */; };
/* End PBXBuildFile section */

/* Begin PBXCopyFilesBuildPhase section */
		A38D1A3C1AD3365200EA73C5 /* CopyFiles */ = {
			isa = PBXCopyFilesBuildPhase;
			buildActionMask = 2147483647;
			dstPath = /usr/share/man/man1/;
			dstSubfolderSpec = 0;
			files = (
			);
			runOnlyForDeploymentPostprocessing = 1;
		};
		A38D1A4A1AD3376D00EA73C5 /* CopyFiles */ = {
			isa = PBXCopyFilesBuildPhase;
			buildActionMask = 2147483647;
			dstPath = /usr/share/man/man1/;
			dstSubfolderSpec = 0;
			files = (
			);
			runOnlyForDeploymentPostprocessing = 1;
		};
/* End PBXCopyFilesBuildPhase section */

/* Begin PBXFileReference section */
		4F7608AF1ADB2BAF00F7BB42 /* Scaled.cpp */ = {isa = PBXFileReference; fileEncoding = 4; lastKnownFileType = sourcecode.cpp.cpp; path = Scaled.cpp; sourceTree = "<group>"; };
		4F7608B01ADB2BAF00F7BB42 /* Scaled.h */ = {isa = PBXFileReference; fileEncoding = 4; lastKnownFileType = sourcecode.c.h; path = Scaled.h; sourceTree = "<group>"; };
		4F7608B31ADB3A0700F7BB42 /* Layered.cpp */ = {isa = PBXFileReference; fileEncoding = 4; lastKnownFileType = sourcecode.cpp.cpp; path = Layered.cpp; sourceTree = "<group>"; };
		4F7608B41ADB3A0700F7BB42 /* Layered.h */ = {isa = PBXFileReference; fileEncoding = 4; lastKnownFileType = sourcecode.c.h; path = Layered.h; sourceTree = "<group>"; };
		4F7608B71ADB455E00F7BB42 /* Vertical.cpp */ = {isa = PBXFileReference; fileEncoding = 4; lastKnownFileType = sourcecode.cpp.cpp; path = Vertical.cpp; sourceTree = "<group>"; };
		4F7608B81ADB455E00F7BB42 /* Vertical.h */ = {isa = PBXFileReference; fileEncoding = 4; lastKnownFileType = sourcecode.c.h; path = Vertical.h; sourceTree = "<group>"; };
		4F96296E1ADB53C500912A4F /* Horizontal.cpp */ = {isa = PBXFileReference; fileEncoding = 4; lastKnownFileType = sourcecode.cpp.cpp; path = Horizontal.cpp; sourceTree = "<group>"; };
		4F96296F1ADB53C500912A4F /* Horizontal.h */ = {isa = PBXFileReference; fileEncoding = 4; lastKnownFileType = sourcecode.c.h; path = Horizontal.h; sourceTree = "<group>"; };
		4FDF30BC1ADC734C0094E1AA /* CustomShape.cpp */ = {isa = PBXFileReference; fileEncoding = 4; lastKnownFileType = sourcecode.cpp.cpp; path = CustomShape.cpp; sourceTree = "<group>"; };
		4FDF30BD1ADC734C0094E1AA /* CustomShape.h */ = {isa = PBXFileReference; fileEncoding = 4; lastKnownFileType = sourcecode.c.h; path = CustomShape.h; sourceTree = "<group>"; };
		A38D1A3E1AD3365200EA73C5 /* CS372-CPS */ = {isa = PBXFileReference; explicitFileType = "compiled.mach-o.executable"; includeInIndex = 0; path = "CS372-CPS"; sourceTree = BUILT_PRODUCTS_DIR; };
		A38D1A411AD3365200EA73C5 /* main.cpp */ = {isa = PBXFileReference; lastKnownFileType = sourcecode.cpp.cpp; path = main.cpp; sourceTree = "<group>"; };
		A38D1A4C1AD3376D00EA73C5 /* test */ = {isa = PBXFileReference; explicitFileType = "compiled.mach-o.executable"; includeInIndex = 0; path = test; sourceTree = BUILT_PRODUCTS_DIR; };
		A38D1A4E1AD3376D00EA73C5 /* main.cpp */ = {isa = PBXFileReference; lastKnownFileType = sourcecode.cpp.cpp; path = main.cpp; sourceTree = "<group>"; usesTabs = 1; };
		A38D1A531AD3381900EA73C5 /* catch.hpp */ = {isa = PBXFileReference; fileEncoding = 4; lastKnownFileType = sourcecode.cpp.h; path = catch.hpp; sourceTree = "<group>"; };
		A38D1A631AD7751F00EA73C5 /* Page.cpp */ = {isa = PBXFileReference; fileEncoding = 4; lastKnownFileType = sourcecode.cpp.cpp; path = Page.cpp; sourceTree = "<group>"; };
		A38D1A641AD7751F00EA73C5 /* Page.h */ = {isa = PBXFileReference; fileEncoding = 4; lastKnownFileType = sourcecode.c.h; path = Page.h; sourceTree = "<group>"; };
		A38D1A661AD7758300EA73C5 /* Postscript.cpp */ = {isa = PBXFileReference; fileEncoding = 4; lastKnownFileType = sourcecode.cpp.cpp; path = Postscript.cpp; sourceTree = "<group>"; };
		A38D1A671AD7758300EA73C5 /* Postscript.h */ = {isa = PBXFileReference; fileEncoding = 4; lastKnownFileType = sourcecode.c.h; path = Postscript.h; sourceTree = "<group>"; };
		A38D1A6B1AD7786800EA73C5 /* Path.cpp */ = {isa = PBXFileReference; fileEncoding = 4; lastKnownFileType = sourcecode.cpp.cpp; path = Path.cpp; sourceTree = "<group>"; };
		A38D1A6C1AD7786800EA73C5 /* Path.h */ = {isa = PBXFileReference; fileEncoding = 4; lastKnownFileType = sourcecode.c.h; path = Path.h; sourceTree = "<group>"; };
		A38D1A731AD87AE900EA73C5 /* NullPostscript.cpp */ = {isa = PBXFileReference; fileEncoding = 4; lastKnownFileType = sourcecode.cpp.cpp; path = NullPostscript.cpp; sourceTree = "<group>"; };
		A38D1A741AD87AE900EA73C5 /* NullPostscript.h */ = {isa = PBXFileReference; fileEncoding = 4; lastKnownFileType = sourcecode.c.h; path = NullPostscript.h; sourceTree = "<group>"; };
		A38D1A771ADB184400EA73C5 /* Square.cpp */ = {isa = PBXFileReference; fileEncoding = 4; lastKnownFileType = sourcecode.cpp.cpp; path = Square.cpp; sourceTree = "<group>"; };
		A38D1A781ADB184400EA73C5 /* Square.h */ = {isa = PBXFileReference; fileEncoding = 4; lastKnownFileType = sourcecode.c.h; path = Square.h; sourceTree = "<group>"; };
		A38D1A7B1ADB18E100EA73C5 /* Triangle.cpp */ = {isa = PBXFileReference; fileEncoding = 4; lastKnownFileType = sourcecode.cpp.cpp; path = Triangle.cpp; sourceTree = "<group>"; };
		A38D1A7C1ADB18E100EA73C5 /* Triangle.h */ = {isa = PBXFileReference; fileEncoding = 4; lastKnownFileType = sourcecode.c.h; path = Triangle.h; sourceTree = "<group>"; };
		A38D1A7F1ADB1A1F00EA73C5 /* Rectangle.cpp */ = {isa = PBXFileReference; fileEncoding = 4; lastKnownFileType = sourcecode.cpp.cpp; path = Rectangle.cpp; sourceTree = "<group>"; };
		A38D1A801ADB1A1F00EA73C5 /* Rectangle.h */ = {isa = PBXFileReference; fileEncoding = 4; lastKnownFileType = sourcecode.c.h; path = Rectangle.h; sourceTree = "<group>"; };
		A38D1A841ADB230600EA73C5 /* Spacer.h */ = {isa = PBXFileReference; fileEncoding = 4; lastKnownFileType = sourcecode.c.h; path = Spacer.h; sourceTree = "<group>"; };
		A38D1A871ADB270200EA73C5 /* Rotate.cpp */ = {isa = PBXFileReference; fileEncoding = 4; lastKnownFileType = sourcecode.cpp.cpp; path = Rotate.cpp; sourceTree = "<group>"; };
		A38D1A881ADB270200EA73C5 /* Rotate.h */ = {isa = PBXFileReference; fileEncoding = 4; lastKnownFileType = sourcecode.c.h; path = Rotate.h; sourceTree = "<group>"; };
		A3C3A6B11ADF0C3200AE65C6 /* Circle.cpp */ = {isa = PBXFileReference; fileEncoding = 4; lastKnownFileType = sourcecode.cpp.cpp; path = Circle.cpp; sourceTree = "<group>"; };
		A3C3A6B21ADF0C3200AE65C6 /* Circle.h */ = {isa = PBXFileReference; fileEncoding = 4; lastKnownFileType = sourcecode.c.h; path = Circle.h; sourceTree = "<group>"; };
		A3C3A6B31ADF0C3200AE65C6 /* Polygons.cpp */ = {isa = PBXFileReference; fileEncoding = 4; lastKnownFileType = sourcecode.cpp.cpp; path = Polygons.cpp; sourceTree = "<group>"; };
		A3C3A6B41ADF0C3200AE65C6 /* Polygons.h */ = {isa = PBXFileReference; fileEncoding = 4; lastKnownFileType = sourcecode.c.h; path = Polygons.h; sourceTree = "<group>"; };
		A3C3A6B51ADF0C3200AE65C6 /* Shape.cpp */ = {isa = PBXFileReference; fileEncoding = 4; lastKnownFileType = sourcecode.cpp.cpp; path = Shape.cpp; sourceTree = "<group>"; };
		A3C3A6B61ADF0C3200AE65C6 /* Shape.h */ = {isa = PBXFileReference; fileEncoding = 4; lastKnownFileType = sourcecode.c.h; path = Shape.h; sourceTree = "<group>"; };
		A3C3A6BD1AE0A75600AE65C6 /* DrawShape.cpp */ = {isa = PBXFileReference; fileEncoding = 4; lastKnownFileType = sourcecode.cpp.cpp; path = DrawShape.cpp; sourceTree = "<group>"; };
		A3C3A6BE1AE0A75600AE65C6 /* DrawShape.h */ = {isa = PBXFileReference; fileEncoding = 4; lastKnownFileType = sourcecode.c.h; path = DrawShape.h; sourceTree = "<group>"; };
/* End PBXFileReference section */

/* Begin PBXFrameworksBuildPhase section */
		A38D1A3B1AD3365200EA73C5 /* Frameworks */ = {
			isa = PBXFrameworksBuildPhase;
			buildActionMask = 2147483647;
			files = (
			);
			runOnlyForDeploymentPostprocessing = 0;
		};
		A38D1A491AD3376D00EA73C5 /* Frameworks */ = {
			isa = PBXFrameworksBuildPhase;
			buildActionMask = 2147483647;
			files = (
			);
			runOnlyForDeploymentPostprocessing = 0;
		};
/* End PBXFrameworksBuildPhase section */

/* Begin PBXGroup section */
		A38D1A351AD3365100EA73C5 = {
			isa = PBXGroup;
			children = (
				A38D1A401AD3365200EA73C5 /* CS372-CPS */,
				A38D1A4D1AD3376D00EA73C5 /* test */,
				A38D1A3F1AD3365200EA73C5 /* Products */,
			);
			sourceTree = "<group>";
		};
		A38D1A3F1AD3365200EA73C5 /* Products */ = {
			isa = PBXGroup;
			children = (
				A38D1A3E1AD3365200EA73C5 /* CS372-CPS */,
				A38D1A4C1AD3376D00EA73C5 /* test */,
			);
			name = Products;
			sourceTree = "<group>";
		};
		A38D1A401AD3365200EA73C5 /* CS372-CPS */ = {
			isa = PBXGroup;
			children = (
				A3C3A6B11ADF0C3200AE65C6 /* Circle.cpp */,
				A3C3A6B21ADF0C3200AE65C6 /* Circle.h */,
				4FDF30BC1ADC734C0094E1AA /* CustomShape.cpp */,
				4FDF30BD1ADC734C0094E1AA /* CustomShape.h */,
				4F96296E1ADB53C500912A4F /* Horizontal.cpp */,
				4F96296F1ADB53C500912A4F /* Horizontal.h */,
				4F7608B31ADB3A0700F7BB42 /* Layered.cpp */,
				4F7608B41ADB3A0700F7BB42 /* Layered.h */,
				A38D1A411AD3365200EA73C5 /* main.cpp */,
				A38D1A731AD87AE900EA73C5 /* NullPostscript.cpp */,
				A38D1A741AD87AE900EA73C5 /* NullPostscript.h */,
				A38D1A631AD7751F00EA73C5 /* Page.cpp */,
				A38D1A641AD7751F00EA73C5 /* Page.h */,
				A38D1A6B1AD7786800EA73C5 /* Path.cpp */,
				A38D1A6C1AD7786800EA73C5 /* Path.h */,
				A3C3A6B31ADF0C3200AE65C6 /* Polygons.cpp */,
				A3C3A6B41ADF0C3200AE65C6 /* Polygons.h */,
				A38D1A661AD7758300EA73C5 /* Postscript.cpp */,
				A38D1A671AD7758300EA73C5 /* Postscript.h */,
				A38D1A7F1ADB1A1F00EA73C5 /* Rectangle.cpp */,
				A38D1A801ADB1A1F00EA73C5 /* Rectangle.h */,
				A38D1A871ADB270200EA73C5 /* Rotate.cpp */,
				A38D1A881ADB270200EA73C5 /* Rotate.h */,
				4F7608AF1ADB2BAF00F7BB42 /* Scaled.cpp */,
				4F7608B01ADB2BAF00F7BB42 /* Scaled.h */,
				A3C3A6B51ADF0C3200AE65C6 /* Shape.cpp */,
				A3C3A6B61ADF0C3200AE65C6 /* Shape.h */,
				A3C3A6BD1AE0A75600AE65C6 /* DrawShape.cpp */,
				A3C3A6BE1AE0A75600AE65C6 /* DrawShape.h */,
				A38D1A841ADB230600EA73C5 /* Spacer.h */,
				A38D1A771ADB184400EA73C5 /* Square.cpp */,
				A38D1A781ADB184400EA73C5 /* Square.h */,
				A38D1A7B1ADB18E100EA73C5 /* Triangle.cpp */,
				A38D1A7C1ADB18E100EA73C5 /* Triangle.h */,
				4F7608B71ADB455E00F7BB42 /* Vertical.cpp */,
				4F7608B81ADB455E00F7BB42 /* Vertical.h */,
			);
			path = "CS372-CPS";
			sourceTree = "<group>";
		};
		A38D1A4D1AD3376D00EA73C5 /* test */ = {
			isa = PBXGroup;
			children = (
				A38D1A4E1AD3376D00EA73C5 /* main.cpp */,
				A38D1A531AD3381900EA73C5 /* catch.hpp */,
			);
			path = test;
			sourceTree = "<group>";
		};
/* End PBXGroup section */

/* Begin PBXNativeTarget section */
		A38D1A3D1AD3365200EA73C5 /* CS372-CPS */ = {
			isa = PBXNativeTarget;
			buildConfigurationList = A38D1A451AD3365200EA73C5 /* Build configuration list for PBXNativeTarget "CS372-CPS" */;
			buildPhases = (
				A38D1A3A1AD3365200EA73C5 /* Sources */,
				A38D1A3B1AD3365200EA73C5 /* Frameworks */,
				A38D1A3C1AD3365200EA73C5 /* CopyFiles */,
			);
			buildRules = (
			);
			dependencies = (
			);
			name = "CS372-CPS";
			productName = "CS372-CPS";
			productReference = A38D1A3E1AD3365200EA73C5 /* CS372-CPS */;
			productType = "com.apple.product-type.tool";
		};
		A38D1A4B1AD3376D00EA73C5 /* test */ = {
			isa = PBXNativeTarget;
			buildConfigurationList = A38D1A521AD3376D00EA73C5 /* Build configuration list for PBXNativeTarget "test" */;
			buildPhases = (
				A38D1A481AD3376D00EA73C5 /* Sources */,
				A38D1A491AD3376D00EA73C5 /* Frameworks */,
				A38D1A4A1AD3376D00EA73C5 /* CopyFiles */,
			);
			buildRules = (
			);
			dependencies = (
			);
			name = test;
			productName = test;
			productReference = A38D1A4C1AD3376D00EA73C5 /* test */;
			productType = "com.apple.product-type.tool";
		};
/* End PBXNativeTarget section */

/* Begin PBXProject section */
		A38D1A361AD3365200EA73C5 /* Project object */ = {
			isa = PBXProject;
			attributes = {
				LastUpgradeCheck = 0620;
				ORGANIZATIONNAME = "Will Fisher";
				TargetAttributes = {
					A38D1A3D1AD3365200EA73C5 = {
						CreatedOnToolsVersion = 6.2;
					};
					A38D1A4B1AD3376D00EA73C5 = {
						CreatedOnToolsVersion = 6.2;
					};
				};
			};
			buildConfigurationList = A38D1A391AD3365200EA73C5 /* Build configuration list for PBXProject "CS372-CPS" */;
			compatibilityVersion = "Xcode 3.2";
			developmentRegion = English;
			hasScannedForEncodings = 0;
			knownRegions = (
				en,
			);
			mainGroup = A38D1A351AD3365100EA73C5;
			productRefGroup = A38D1A3F1AD3365200EA73C5 /* Products */;
			projectDirPath = "";
			projectRoot = "";
			targets = (
				A38D1A3D1AD3365200EA73C5 /* CS372-CPS */,
				A38D1A4B1AD3376D00EA73C5 /* test */,
			);
		};
/* End PBXProject section */

/* Begin PBXSourcesBuildPhase section */
		A38D1A3A1AD3365200EA73C5 /* Sources */ = {
			isa = PBXSourcesBuildPhase;
			buildActionMask = 2147483647;
			files = (
				4F9629701ADB53C500912A4F /* Horizontal.cpp in Sources */,
				4F7608B11ADB2BAF00F7BB42 /* Scaled.cpp in Sources */,
				A3C3A6B71ADF0C3200AE65C6 /* Circle.cpp in Sources */,
				A38D1A791ADB184400EA73C5 /* Square.cpp in Sources */,
				A38D1A751AD87AEA00EA73C5 /* NullPostscript.cpp in Sources */,
				A38D1A7D1ADB18E100EA73C5 /* Triangle.cpp in Sources */,
				A3C3A6BF1AE0A75600AE65C6 /* DrawShape.cpp in Sources */,
				A38D1A811ADB1A1F00EA73C5 /* Rectangle.cpp in Sources */,
				A3C3A6B91ADF0C3200AE65C6 /* Shape.cpp in Sources */,
				4F7608B91ADB455E00F7BB42 /* Vertical.cpp in Sources */,
				A38D1A421AD3365200EA73C5 /* main.cpp in Sources */,
				A38D1A681AD7758300EA73C5 /* Postscript.cpp in Sources */,
				4F7608B51ADB3A0700F7BB42 /* Layered.cpp in Sources */,
				A38D1A6D1AD7786800EA73C5 /* Path.cpp in Sources */,
				4FDF30BE1ADC734C0094E1AA /* CustomShape.cpp in Sources */,
				A3C3A6B81ADF0C3200AE65C6 /* Polygons.cpp in Sources */,
				A38D1A891ADB270200EA73C5 /* Rotate.cpp in Sources */,
				A38D1A651AD7751F00EA73C5 /* Page.cpp in Sources */,
			);
			runOnlyForDeploymentPostprocessing = 0;
		};
		A38D1A481AD3376D00EA73C5 /* Sources */ = {
			isa = PBXSourcesBuildPhase;
			buildActionMask = 2147483647;
			files = (
				A38D1A6A1AD7781700EA73C5 /* Page.cpp in Sources */,
				4F9629711ADB53CB00912A4F /* Horizontal.cpp in Sources */,
				4F7608B21ADB363D00F7BB42 /* Scaled.cpp in Sources */,
				A38D1A7A1ADB184400EA73C5 /* Square.cpp in Sources */,
				A38D1A761AD87AEA00EA73C5 /* NullPostscript.cpp in Sources */,
				A38D1A7E1ADB18E100EA73C5 /* Triangle.cpp in Sources */,
				A3C3A6C01AE0A75600AE65C6 /* DrawShape.cpp in Sources */,
				A38D1A821ADB1A1F00EA73C5 /* Rectangle.cpp in Sources */,
				4F7608BA1ADB455E00F7BB42 /* Vertical.cpp in Sources */,
				A38D1A691AD775D800EA73C5 /* Postscript.cpp in Sources */,
				A3C3A6BB1ADF0C5B00AE65C6 /* Polygons.cpp in Sources */,
				4F7608B61ADB3A0700F7BB42 /* Layered.cpp in Sources */,
				A38D1A6E1AD7786800EA73C5 /* Path.cpp in Sources */,
				A38D1A4F1AD3376D00EA73C5 /* main.cpp in Sources */,
				A3C3A6BA1ADF0C5800AE65C6 /* Circle.cpp in Sources */,
				4FDF30BF1ADC734C0094E1AA /* CustomShape.cpp in Sources */,
				A38D1A8A1ADB270200EA73C5 /* Rotate.cpp in Sources */,
				A3C3A6BC1ADF0C5F00AE65C6 /* Shape.cpp in Sources */,
			);
			runOnlyForDeploymentPostprocessing = 0;
		};
/* End PBXSourcesBuildPhase section */

/* Begin XCBuildConfiguration section */
		A38D1A431AD3365200EA73C5 /* Debug */ = {
			isa = XCBuildConfiguration;
			buildSettings = {
				ALWAYS_SEARCH_USER_PATHS = NO;
				CLANG_CXX_LANGUAGE_STANDARD = "gnu++0x";
				CLANG_CXX_LIBRARY = "libc++";
				CLANG_ENABLE_MODULES = YES;
				CLANG_ENABLE_OBJC_ARC = YES;
				CLANG_WARN_BOOL_CONVERSION = YES;
				CLANG_WARN_CONSTANT_CONVERSION = YES;
				CLANG_WARN_DIRECT_OBJC_ISA_USAGE = YES_ERROR;
				CLANG_WARN_EMPTY_BODY = YES;
				CLANG_WARN_ENUM_CONVERSION = YES;
				CLANG_WARN_INT_CONVERSION = YES;
				CLANG_WARN_OBJC_ROOT_CLASS = YES_ERROR;
				CLANG_WARN_UNREACHABLE_CODE = YES;
				CLANG_WARN__DUPLICATE_METHOD_MATCH = YES;
				COPY_PHASE_STRIP = NO;
				ENABLE_STRICT_OBJC_MSGSEND = YES;
				GCC_C_LANGUAGE_STANDARD = gnu99;
				GCC_DYNAMIC_NO_PIC = NO;
				GCC_OPTIMIZATION_LEVEL = 0;
				GCC_PREPROCESSOR_DEFINITIONS = (
					"DEBUG=1",
					"$(inherited)",
				);
				GCC_SYMBOLS_PRIVATE_EXTERN = NO;
				GCC_WARN_64_TO_32_BIT_CONVERSION = YES;
				GCC_WARN_ABOUT_RETURN_TYPE = YES_ERROR;
				GCC_WARN_UNDECLARED_SELECTOR = YES;
				GCC_WARN_UNINITIALIZED_AUTOS = YES_AGGRESSIVE;
				GCC_WARN_UNUSED_FUNCTION = YES;
				GCC_WARN_UNUSED_VARIABLE = YES;
				MACOSX_DEPLOYMENT_TARGET = 10.10;
				MTL_ENABLE_DEBUG_INFO = YES;
				ONLY_ACTIVE_ARCH = YES;
				SDKROOT = macosx;
			};
			name = Debug;
		};
		A38D1A441AD3365200EA73C5 /* Release */ = {
			isa = XCBuildConfiguration;
			buildSettings = {
				ALWAYS_SEARCH_USER_PATHS = NO;
				CLANG_CXX_LANGUAGE_STANDARD = "gnu++0x";
				CLANG_CXX_LIBRARY = "libc++";
				CLANG_ENABLE_MODULES = YES;
				CLANG_ENABLE_OBJC_ARC = YES;
				CLANG_WARN_BOOL_CONVERSION = YES;
				CLANG_WARN_CONSTANT_CONVERSION = YES;
				CLANG_WARN_DIRECT_OBJC_ISA_USAGE = YES_ERROR;
				CLANG_WARN_EMPTY_BODY = YES;
				CLANG_WARN_ENUM_CONVERSION = YES;
				CLANG_WARN_INT_CONVERSION = YES;
				CLANG_WARN_OBJC_ROOT_CLASS = YES_ERROR;
				CLANG_WARN_UNREACHABLE_CODE = YES;
				CLANG_WARN__DUPLICATE_METHOD_MATCH = YES;
				COPY_PHASE_STRIP = NO;
				DEBUG_INFORMATION_FORMAT = "dwarf-with-dsym";
				ENABLE_NS_ASSERTIONS = NO;
				ENABLE_STRICT_OBJC_MSGSEND = YES;
				GCC_C_LANGUAGE_STANDARD = gnu99;
				GCC_WARN_64_TO_32_BIT_CONVERSION = YES;
				GCC_WARN_ABOUT_RETURN_TYPE = YES_ERROR;
				GCC_WARN_UNDECLARED_SELECTOR = YES;
				GCC_WARN_UNINITIALIZED_AUTOS = YES_AGGRESSIVE;
				GCC_WARN_UNUSED_FUNCTION = YES;
				GCC_WARN_UNUSED_VARIABLE = YES;
				MACOSX_DEPLOYMENT_TARGET = 10.10;
				MTL_ENABLE_DEBUG_INFO = NO;
				SDKROOT = macosx;
			};
			name = Release;
		};
		A38D1A461AD3365200EA73C5 /* Debug */ = {
			isa = XCBuildConfiguration;
			buildSettings = {
				PRODUCT_NAME = "$(TARGET_NAME)";
			};
			name = Debug;
		};
		A38D1A471AD3365200EA73C5 /* Release */ = {
			isa = XCBuildConfiguration;
			buildSettings = {
				PRODUCT_NAME = "$(TARGET_NAME)";
			};
			name = Release;
		};
		A38D1A501AD3376D00EA73C5 /* Debug */ = {
			isa = XCBuildConfiguration;
			buildSettings = {
				GCC_PREPROCESSOR_DEFINITIONS = (
					"DEBUG=1",
					"$(inherited)",
				);
				PRODUCT_NAME = "$(TARGET_NAME)";
			};
			name = Debug;
		};
		A38D1A511AD3376D00EA73C5 /* Release */ = {
			isa = XCBuildConfiguration;
			buildSettings = {
				PRODUCT_NAME = "$(TARGET_NAME)";
			};
			name = Release;
		};
/* End XCBuildConfiguration section */

/* Begin XCConfigurationList section */
		A38D1A391AD3365200EA73C5 /* Build configuration list for PBXProject "CS372-CPS" */ = {
			isa = XCConfigurationList;
			buildConfigurations = (
				A38D1A431AD3365200EA73C5 /* Debug */,
				A38D1A441AD3365200EA73C5 /* Release */,
			);
			defaultConfigurationIsVisible = 0;
			defaultConfigurationName = Release;
		};
		A38D1A451AD3365200EA73C5 /* Build configuration list for PBXNativeTarget "CS372-CPS" */ = {
			isa = XCConfigurationList;
			buildConfigurations = (
				A38D1A461AD3365200EA73C5 /* Debug */,
				A38D1A471AD3365200EA73C5 /* Release */,
			);
			defaultConfigurationIsVisible = 0;
			defaultConfigurationName = Release;
		};
		A38D1A521AD3376D00EA73C5 /* Build configuration list for PBXNativeTarget "test" */ = {
			isa = XCConfigurationList;
			buildConfigurations = (
				A38D1A501AD3376D00EA73C5 /* Debug */,
				A38D1A511AD3376D00EA73C5 /* Release */,
			);
			defaultConfigurationIsVisible = 0;
			defaultConfigurationName = Release;
		};
/* End XCConfigurationList section */
	};
	rootObject = A38D1A361AD3365200EA73C5 /* Project object */;
}
