// !$*UTF8*$!
{
	archiveVersion = 1;
	classes = {
	};
	objectVersion = 46;
	objects = {

/* Begin PBXBuildFile section */
		4FDAA2A81AD72EF20016FD24 /* Polygons.cpp in Sources */ = {isa = PBXBuildFile; fileRef = 4FDAA2A41AD72EF20016FD24 /* Polygons.cpp */; };
		4FDAA2A91AD72EF20016FD24 /* Shape.cpp in Sources */ = {isa = PBXBuildFile; fileRef = 4FDAA2A61AD72EF20016FD24 /* Shape.cpp */; };
		4FDAA2AC1AD72EFB0016FD24 /* Circle.cpp in Sources */ = {isa = PBXBuildFile; fileRef = 4FDAA2AA1AD72EFB0016FD24 /* Circle.cpp */; };
		A38D1A421AD3365200EA73C5 /* main.cpp in Sources */ = {isa = PBXBuildFile; fileRef = A38D1A411AD3365200EA73C5 /* main.cpp */; };
		A38D1A4F1AD3376D00EA73C5 /* main.cpp in Sources */ = {isa = PBXBuildFile; fileRef = A38D1A4E1AD3376D00EA73C5 /* main.cpp */; };
		A38D1A5D1AD72A9500EA73C5 /* Circle.cpp in Sources */ = {isa = PBXBuildFile; fileRef = A38D1A571AD72A9500EA73C5 /* Circle.cpp */; };
		A38D1A5E1AD72A9500EA73C5 /* Polygons.cpp in Sources */ = {isa = PBXBuildFile; fileRef = A38D1A591AD72A9500EA73C5 /* Polygons.cpp */; };
		A38D1A5F1AD72A9500EA73C5 /* Shape.cpp in Sources */ = {isa = PBXBuildFile; fileRef = A38D1A5B1AD72A9500EA73C5 /* Shape.cpp */; };
		A38D1A601AD72A9B00EA73C5 /* Circle.cpp in Sources */ = {isa = PBXBuildFile; fileRef = A38D1A571AD72A9500EA73C5 /* Circle.cpp */; };
		A38D1A611AD72AA400EA73C5 /* Polygons.cpp in Sources */ = {isa = PBXBuildFile; fileRef = A38D1A591AD72A9500EA73C5 /* Polygons.cpp */; };
		A38D1A621AD72AA700EA73C5 /* Shape.cpp in Sources */ = {isa = PBXBuildFile; fileRef = A38D1A5B1AD72A9500EA73C5 /* Shape.cpp */; };
/* End PBXBuildFile section */

/* Begin PBXCopyFilesBuildPhase section */
		A38D1A3C1AD3365200EA73C5 /* CopyFiles */ = {
			isa = PBXCopyFilesBuildPhase;
			buildActionMask = 2147483647;
			dstPath = /usr/share/man/man1/;
			dstSubfolderSpec = 0;
			files = (
			);
			runOnlyForDeploymentPostprocessing = 1;
		};
		A38D1A4A1AD3376D00EA73C5 /* CopyFiles */ = {
			isa = PBXCopyFilesBuildPhase;
			buildActionMask = 2147483647;
			dstPath = /usr/share/man/man1/;
			dstSubfolderSpec = 0;
			files = (
			);
			runOnlyForDeploymentPostprocessing = 1;
		};
/* End PBXCopyFilesBuildPhase section */

/* Begin PBXFileReference section */
		4FDAA2A41AD72EF20016FD24 /* Polygons.cpp */ = {isa = PBXFileReference; fileEncoding = 4; lastKnownFileType = sourcecode.cpp.cpp; path = Polygons.cpp; sourceTree = "<group>"; };
		4FDAA2A51AD72EF20016FD24 /* Polygons.h */ = {isa = PBXFileReference; fileEncoding = 4; lastKnownFileType = sourcecode.c.h; path = Polygons.h; sourceTree = "<group>"; };
		4FDAA2A61AD72EF20016FD24 /* Shape.cpp */ = {isa = PBXFileReference; fileEncoding = 4; lastKnownFileType = sourcecode.cpp.cpp; path = Shape.cpp; sourceTree = "<group>"; };
		4FDAA2A71AD72EF20016FD24 /* Shape.h */ = {isa = PBXFileReference; fileEncoding = 4; lastKnownFileType = sourcecode.c.h; path = Shape.h; sourceTree = "<group>"; };
		4FDAA2AA1AD72EFB0016FD24 /* Circle.cpp */ = {isa = PBXFileReference; fileEncoding = 4; lastKnownFileType = sourcecode.cpp.cpp; path = Circle.cpp; sourceTree = "<group>"; };
		4FDAA2AB1AD72EFB0016FD24 /* Circle.h */ = {isa = PBXFileReference; fileEncoding = 4; lastKnownFileType = sourcecode.c.h; path = Circle.h; sourceTree = "<group>"; };
		A38D1A3E1AD3365200EA73C5 /* CS372-CPS */ = {isa = PBXFileReference; explicitFileType = "compiled.mach-o.executable"; includeInIndex = 0; path = "CS372-CPS"; sourceTree = BUILT_PRODUCTS_DIR; };
		A38D1A411AD3365200EA73C5 /* main.cpp */ = {isa = PBXFileReference; lastKnownFileType = sourcecode.cpp.cpp; path = main.cpp; sourceTree = "<group>"; };
		A38D1A4C1AD3376D00EA73C5 /* test */ = {isa = PBXFileReference; explicitFileType = "compiled.mach-o.executable"; includeInIndex = 0; path = test; sourceTree = BUILT_PRODUCTS_DIR; };
		A38D1A4E1AD3376D00EA73C5 /* main.cpp */ = {isa = PBXFileReference; lastKnownFileType = sourcecode.cpp.cpp; path = main.cpp; sourceTree = "<group>"; };
		A38D1A531AD3381900EA73C5 /* catch.hpp */ = {isa = PBXFileReference; fileEncoding = 4; lastKnownFileType = sourcecode.cpp.h; path = catch.hpp; sourceTree = "<group>"; };
		A38D1A571AD72A9500EA73C5 /* Circle.cpp */ = {isa = PBXFileReference; fileEncoding = 4; lastKnownFileType = sourcecode.cpp.cpp; name = Circle.cpp; path = test/Circle.cpp; sourceTree = SOURCE_ROOT; };
		A38D1A581AD72A9500EA73C5 /* Circle.h */ = {isa = PBXFileReference; fileEncoding = 4; lastKnownFileType = sourcecode.c.h; name = Circle.h; path = test/Circle.h; sourceTree = SOURCE_ROOT; };
		A38D1A591AD72A9500EA73C5 /* Polygons.cpp */ = {isa = PBXFileReference; fileEncoding = 4; lastKnownFileType = sourcecode.cpp.cpp; name = Polygons.cpp; path = test/Polygons.cpp; sourceTree = SOURCE_ROOT; };
		A38D1A5A1AD72A9500EA73C5 /* Polygons.h */ = {isa = PBXFileReference; fileEncoding = 4; indentWidth = 4; lastKnownFileType = sourcecode.c.h; name = Polygons.h; path = test/Polygons.h; sourceTree = SOURCE_ROOT; tabWidth = 4; };
		A38D1A5B1AD72A9500EA73C5 /* Shape.cpp */ = {isa = PBXFileReference; fileEncoding = 4; lastKnownFileType = sourcecode.cpp.cpp; name = Shape.cpp; path = test/Shape.cpp; sourceTree = SOURCE_ROOT; };
		A38D1A5C1AD72A9500EA73C5 /* Shape.h */ = {isa = PBXFileReference; fileEncoding = 4; lastKnownFileType = sourcecode.c.h; name = Shape.h; path = test/Shape.h; sourceTree = SOURCE_ROOT; };
/* End PBXFileReference section */

/* Begin PBXFrameworksBuildPhase section */
		A38D1A3B1AD3365200EA73C5 /* Frameworks */ = {
			isa = PBXFrameworksBuildPhase;
			buildActionMask = 2147483647;
			files = (
			);
			runOnlyForDeploymentPostprocessing = 0;
		};
		A38D1A491AD3376D00EA73C5 /* Frameworks */ = {
			isa = PBXFrameworksBuildPhase;
			buildActionMask = 2147483647;
			files = (
			);
			runOnlyForDeploymentPostprocessing = 0;
		};
/* End PBXFrameworksBuildPhase section */

/* Begin PBXGroup section */
		A38D1A351AD3365100EA73C5 = {
			isa = PBXGroup;
			children = (
				A38D1A401AD3365200EA73C5 /* CS372-CPS */,
				A38D1A4D1AD3376D00EA73C5 /* test */,
				A38D1A3F1AD3365200EA73C5 /* Products */,
			);
			sourceTree = "<group>";
		};
		A38D1A3F1AD3365200EA73C5 /* Products */ = {
			isa = PBXGroup;
			children = (
				A38D1A3E1AD3365200EA73C5 /* CS372-CPS */,
				A38D1A4C1AD3376D00EA73C5 /* test */,
			);
			name = Products;
			sourceTree = "<group>";
		};
		A38D1A401AD3365200EA73C5 /* CS372-CPS */ = {
			isa = PBXGroup;
			children = (
				A38D1A571AD72A9500EA73C5 /* Circle.cpp */,
				A38D1A581AD72A9500EA73C5 /* Circle.h */,
				A38D1A591AD72A9500EA73C5 /* Polygons.cpp */,
				A38D1A5A1AD72A9500EA73C5 /* Polygons.h */,
				A38D1A5B1AD72A9500EA73C5 /* Shape.cpp */,
				A38D1A5C1AD72A9500EA73C5 /* Shape.h */,
				A38D1A411AD3365200EA73C5 /* main.cpp */,
			);
			path = "CS372-CPS";
			sourceTree = "<group>";
		};
		A38D1A4D1AD3376D00EA73C5 /* test */ = {
			isa = PBXGroup;
			children = (
				A38D1A4E1AD3376D00EA73C5 /* main.cpp */,
				4FDAA2A41AD72EF20016FD24 /* Polygons.cpp */,
				4FDAA2A51AD72EF20016FD24 /* Polygons.h */,
				4FDAA2A61AD72EF20016FD24 /* Shape.cpp */,
				4FDAA2AA1AD72EFB0016FD24 /* Circle.cpp */,
				4FDAA2AB1AD72EFB0016FD24 /* Circle.h */,
				4FDAA2A71AD72EF20016FD24 /* Shape.h */,
				A38D1A531AD3381900EA73C5 /* catch.hpp */,
			);
			path = test;
			sourceTree = "<group>";
		};
/* End PBXGroup section */

/* Begin PBXNativeTarget section */
		A38D1A3D1AD3365200EA73C5 /* CS372-CPS */ = {
			isa = PBXNativeTarget;
			buildConfigurationList = A38D1A451AD3365200EA73C5 /* Build configuration list for PBXNativeTarget "CS372-CPS" */;
			buildPhases = (
				A38D1A3A1AD3365200EA73C5 /* Sources */,
				A38D1A3B1AD3365200EA73C5 /* Frameworks */,
				A38D1A3C1AD3365200EA73C5 /* CopyFiles */,
			);
			buildRules = (
			);
			dependencies = (
			);
			name = "CS372-CPS";
			productName = "CS372-CPS";
			productReference = A38D1A3E1AD3365200EA73C5 /* CS372-CPS */;
			productType = "com.apple.product-type.tool";
		};
		A38D1A4B1AD3376D00EA73C5 /* test */ = {
			isa = PBXNativeTarget;
			buildConfigurationList = A38D1A521AD3376D00EA73C5 /* Build configuration list for PBXNativeTarget "test" */;
			buildPhases = (
				A38D1A481AD3376D00EA73C5 /* Sources */,
				A38D1A491AD3376D00EA73C5 /* Frameworks */,
				A38D1A4A1AD3376D00EA73C5 /* CopyFiles */,
			);
			buildRules = (
			);
			dependencies = (
			);
			name = test;
			productName = test;
			productReference = A38D1A4C1AD3376D00EA73C5 /* test */;
			productType = "com.apple.product-type.tool";
		};
/* End PBXNativeTarget section */

/* Begin PBXProject section */
		A38D1A361AD3365200EA73C5 /* Project object */ = {
			isa = PBXProject;
			attributes = {
				LastUpgradeCheck = 0620;
				ORGANIZATIONNAME = "Will Fisher";
				TargetAttributes = {
					A38D1A3D1AD3365200EA73C5 = {
						CreatedOnToolsVersion = 6.2;
					};
					A38D1A4B1AD3376D00EA73C5 = {
						CreatedOnToolsVersion = 6.2;
					};
				};
			};
			buildConfigurationList = A38D1A391AD3365200EA73C5 /* Build configuration list for PBXProject "CS372-CPS" */;
			compatibilityVersion = "Xcode 3.2";
			developmentRegion = English;
			hasScannedForEncodings = 0;
			knownRegions = (
				en,
			);
			mainGroup = A38D1A351AD3365100EA73C5;
			productRefGroup = A38D1A3F1AD3365200EA73C5 /* Products */;
			projectDirPath = "";
			projectRoot = "";
			targets = (
				A38D1A3D1AD3365200EA73C5 /* CS372-CPS */,
				A38D1A4B1AD3376D00EA73C5 /* test */,
			);
		};
/* End PBXProject section */

/* Begin PBXSourcesBuildPhase section */
		A38D1A3A1AD3365200EA73C5 /* Sources */ = {
			isa = PBXSourcesBuildPhase;
			buildActionMask = 2147483647;
			files = (
				A38D1A5E1AD72A9500EA73C5 /* Polygons.cpp in Sources */,
				A38D1A421AD3365200EA73C5 /* main.cpp in Sources */,
				A38D1A5D1AD72A9500EA73C5 /* Circle.cpp in Sources */,
				A38D1A5F1AD72A9500EA73C5 /* Shape.cpp in Sources */,
			);
			runOnlyForDeploymentPostprocessing = 0;
		};
		A38D1A481AD3376D00EA73C5 /* Sources */ = {
			isa = PBXSourcesBuildPhase;
			buildActionMask = 2147483647;
			files = (
				A38D1A611AD72AA400EA73C5 /* Polygons.cpp in Sources */,
				A38D1A4F1AD3376D00EA73C5 /* main.cpp in Sources */,
				A38D1A601AD72A9B00EA73C5 /* Circle.cpp in Sources */,
				A38D1A621AD72AA700EA73C5 /* Shape.cpp in Sources */,
			);
			runOnlyForDeploymentPostprocessing = 0;
		};
/* End PBXSourcesBuildPhase section */

/* Begin XCBuildConfiguration section */
		A38D1A431AD3365200EA73C5 /* Debug */ = {
			isa = XCBuildConfiguration;
			buildSettings = {
				ALWAYS_SEARCH_USER_PATHS = NO;
				CLANG_CXX_LANGUAGE_STANDARD = "gnu++0x";
				CLANG_CXX_LIBRARY = "libc++";
				CLANG_ENABLE_MODULES = YES;
				CLANG_ENABLE_OBJC_ARC = YES;
				CLANG_WARN_BOOL_CONVERSION = YES;
				CLANG_WARN_CONSTANT_CONVERSION = YES;
				CLANG_WARN_DIRECT_OBJC_ISA_USAGE = YES_ERROR;
				CLANG_WARN_EMPTY_BODY = YES;
				CLANG_WARN_ENUM_CONVERSION = YES;
				CLANG_WARN_INT_CONVERSION = YES;
				CLANG_WARN_OBJC_ROOT_CLASS = YES_ERROR;
				CLANG_WARN_UNREACHABLE_CODE = YES;
				CLANG_WARN__DUPLICATE_METHOD_MATCH = YES;
				COPY_PHASE_STRIP = NO;
				ENABLE_STRICT_OBJC_MSGSEND = YES;
				GCC_C_LANGUAGE_STANDARD = gnu99;
				GCC_DYNAMIC_NO_PIC = NO;
				GCC_OPTIMIZATION_LEVEL = 0;
				GCC_PREPROCESSOR_DEFINITIONS = (
					"DEBUG=1",
					"$(inherited)",
				);
				GCC_SYMBOLS_PRIVATE_EXTERN = NO;
				GCC_WARN_64_TO_32_BIT_CONVERSION = YES;
				GCC_WARN_ABOUT_RETURN_TYPE = YES_ERROR;
				GCC_WARN_UNDECLARED_SELECTOR = YES;
				GCC_WARN_UNINITIALIZED_AUTOS = YES_AGGRESSIVE;
				GCC_WARN_UNUSED_FUNCTION = YES;
				GCC_WARN_UNUSED_VARIABLE = YES;
				MACOSX_DEPLOYMENT_TARGET = 10.10;
				MTL_ENABLE_DEBUG_INFO = YES;
				ONLY_ACTIVE_ARCH = YES;
				SDKROOT = macosx;
			};
			name = Debug;
		};
		A38D1A441AD3365200EA73C5 /* Release */ = {
			isa = XCBuildConfiguration;
			buildSettings = {
				ALWAYS_SEARCH_USER_PATHS = NO;
				CLANG_CXX_LANGUAGE_STANDARD = "gnu++0x";
				CLANG_CXX_LIBRARY = "libc++";
				CLANG_ENABLE_MODULES = YES;
				CLANG_ENABLE_OBJC_ARC = YES;
				CLANG_WARN_BOOL_CONVERSION = YES;
				CLANG_WARN_CONSTANT_CONVERSION = YES;
				CLANG_WARN_DIRECT_OBJC_ISA_USAGE = YES_ERROR;
				CLANG_WARN_EMPTY_BODY = YES;
				CLANG_WARN_ENUM_CONVERSION = YES;
				CLANG_WARN_INT_CONVERSION = YES;
				CLANG_WARN_OBJC_ROOT_CLASS = YES_ERROR;
				CLANG_WARN_UNREACHABLE_CODE = YES;
				CLANG_WARN__DUPLICATE_METHOD_MATCH = YES;
				COPY_PHASE_STRIP = NO;
				DEBUG_INFORMATION_FORMAT = "dwarf-with-dsym";
				ENABLE_NS_ASSERTIONS = NO;
				ENABLE_STRICT_OBJC_MSGSEND = YES;
				GCC_C_LANGUAGE_STANDARD = gnu99;
				GCC_WARN_64_TO_32_BIT_CONVERSION = YES;
				GCC_WARN_ABOUT_RETURN_TYPE = YES_ERROR;
				GCC_WARN_UNDECLARED_SELECTOR = YES;
				GCC_WARN_UNINITIALIZED_AUTOS = YES_AGGRESSIVE;
				GCC_WARN_UNUSED_FUNCTION = YES;
				GCC_WARN_UNUSED_VARIABLE = YES;
				MACOSX_DEPLOYMENT_TARGET = 10.10;
				MTL_ENABLE_DEBUG_INFO = NO;
				SDKROOT = macosx;
			};
			name = Release;
		};
		A38D1A461AD3365200EA73C5 /* Debug */ = {
			isa = XCBuildConfiguration;
			buildSettings = {
				PRODUCT_NAME = "$(TARGET_NAME)";
			};
			name = Debug;
		};
		A38D1A471AD3365200EA73C5 /* Release */ = {
			isa = XCBuildConfiguration;
			buildSettings = {
				PRODUCT_NAME = "$(TARGET_NAME)";
			};
			name = Release;
		};
		A38D1A501AD3376D00EA73C5 /* Debug */ = {
			isa = XCBuildConfiguration;
			buildSettings = {
				GCC_PREPROCESSOR_DEFINITIONS = (
					"DEBUG=1",
					"$(inherited)",
				);
				PRODUCT_NAME = "$(TARGET_NAME)";
			};
			name = Debug;
		};
		A38D1A511AD3376D00EA73C5 /* Release */ = {
			isa = XCBuildConfiguration;
			buildSettings = {
				PRODUCT_NAME = "$(TARGET_NAME)";
			};
			name = Release;
		};
/* End XCBuildConfiguration section */

/* Begin XCConfigurationList section */
		A38D1A391AD3365200EA73C5 /* Build configuration list for PBXProject "CS372-CPS" */ = {
			isa = XCConfigurationList;
			buildConfigurations = (
				A38D1A431AD3365200EA73C5 /* Debug */,
				A38D1A441AD3365200EA73C5 /* Release */,
			);
			defaultConfigurationIsVisible = 0;
			defaultConfigurationName = Release;
		};
		A38D1A451AD3365200EA73C5 /* Build configuration list for PBXNativeTarget "CS372-CPS" */ = {
			isa = XCConfigurationList;
			buildConfigurations = (
				A38D1A461AD3365200EA73C5 /* Debug */,
				A38D1A471AD3365200EA73C5 /* Release */,
			);
			defaultConfigurationIsVisible = 0;
			defaultConfigurationName = Release;
		};
		A38D1A521AD3376D00EA73C5 /* Build configuration list for PBXNativeTarget "test" */ = {
			isa = XCConfigurationList;
			buildConfigurations = (
				A38D1A501AD3376D00EA73C5 /* Debug */,
				A38D1A511AD3376D00EA73C5 /* Release */,
			);
			defaultConfigurationIsVisible = 0;
			defaultConfigurationName = Release;
		};
/* End XCConfigurationList section */
	};
	rootObject = A38D1A361AD3365200EA73C5 /* Project object */;
}
